
Microsoft Visual Studio Solution File, Format Version 12.00
# Visual Studio 15
VisualStudioVersion = 15.0.28307.572
MinimumVisualStudioVersion = 10.0.40219.1
Project("{FAE04EC0-301F-11D3-BF4B-00C04F79EFBC}") = "WebApiCloudEditor", "WebApiCloudEditor\WebApiCloudEditor.csproj", "{FC20AB78-7BFA-4D03-9D35-C94C6922DF70}"
EndProject
Project("{FAE04EC0-301F-11D3-BF4B-00C04F79EFBC}") = "AppCloudEditor.Android", "AppCloudEditor\AppCloudEditor.Android\AppCloudEditor.Android.csproj", "{F8C76A43-2A23-43F0-82D4-D35B80201A47}"
EndProject
Project("{FAE04EC0-301F-11D3-BF4B-00C04F79EFBC}") = "AppCloudEditor.iOS", "AppCloudEditor\AppCloudEditor.iOS\AppCloudEditor.iOS.csproj", "{7C3D4873-4552-4852-B98F-1218CFA08C12}"
EndProject
Project("{FAE04EC0-301F-11D3-BF4B-00C04F79EFBC}") = "AppCloudEditor.UWP", "AppCloudEditor\AppCloudEditor.UWP\AppCloudEditor.UWP.csproj", "{CBD3C7B0-214D-4EBB-8628-A69914FF8144}"
EndProject
Project("{D954291E-2A0B-460D-934E-DC6B0785DB48}") = "AppCloudEditor", "AppCloudEditor\AppCloudEditor\AppCloudEditor.shproj", "{AA7CE7F0-CB22-48B9-B500-1AAE0D4ADC28}"
EndProject
Global
	GlobalSection(SharedMSBuildProjectFiles) = preSolution
		AppCloudEditor\AppCloudEditor\AppCloudEditor.projitems*{7c3d4873-4552-4852-b98f-1218cfa08c12}*SharedItemsImports = 4
		AppCloudEditor\AppCloudEditor\AppCloudEditor.projitems*{aa7ce7f0-cb22-48b9-b500-1aae0d4adc28}*SharedItemsImports = 13
		AppCloudEditor\AppCloudEditor\AppCloudEditor.projitems*{cbd3c7b0-214d-4ebb-8628-a69914ff8144}*SharedItemsImports = 4
		AppCloudEditor\AppCloudEditor\AppCloudEditor.projitems*{f8c76a43-2a23-43f0-82d4-d35b80201a47}*SharedItemsImports = 4
	EndGlobalSection
	GlobalSection(SolutionConfigurationPlatforms) = preSolution
		Ad-Hoc|Any CPU = Ad-Hoc|Any CPU
		Ad-Hoc|ARM = Ad-Hoc|ARM
		Ad-Hoc|iPhone = Ad-Hoc|iPhone
		Ad-Hoc|iPhoneSimulator = Ad-Hoc|iPhoneSimulator
		Ad-Hoc|x64 = Ad-Hoc|x64
		Ad-Hoc|x86 = Ad-Hoc|x86
		AppStore|Any CPU = AppStore|Any CPU
		AppStore|ARM = AppStore|ARM
		AppStore|iPhone = AppStore|iPhone
		AppStore|iPhoneSimulator = AppStore|iPhoneSimulator
		AppStore|x64 = AppStore|x64
		AppStore|x86 = AppStore|x86
		Debug|Any CPU = Debug|Any CPU
		Debug|ARM = Debug|ARM
		Debug|iPhone = Debug|iPhone
		Debug|iPhoneSimulator = Debug|iPhoneSimulator
		Debug|x64 = Debug|x64
		Debug|x86 = Debug|x86
		Release|Any CPU = Release|Any CPU
		Release|ARM = Release|ARM
		Release|iPhone = Release|iPhone
		Release|iPhoneSimulator = Release|iPhoneSimulator
		Release|x64 = Release|x64
		Release|x86 = Release|x86
	EndGlobalSection
	GlobalSection(ProjectConfigurationPlatforms) = postSolution
		{FC20AB78-7BFA-4D03-9D35-C94C6922DF70}.Ad-Hoc|Any CPU.ActiveCfg = Debug|Any CPU
		{FC20AB78-7BFA-4D03-9D35-C94C6922DF70}.Ad-Hoc|Any CPU.Build.0 = Debug|Any CPU
		{FC20AB78-7BFA-4D03-9D35-C94C6922DF70}.Ad-Hoc|ARM.ActiveCfg = Debug|Any CPU
		{FC20AB78-7BFA-4D03-9D35-C94C6922DF70}.Ad-Hoc|ARM.Build.0 = Debug|Any CPU
		{FC20AB78-7BFA-4D03-9D35-C94C6922DF70}.Ad-Hoc|iPhone.ActiveCfg = Debug|Any CPU
		{FC20AB78-7BFA-4D03-9D35-C94C6922DF70}.Ad-Hoc|iPhone.Build.0 = Debug|Any CPU
		{FC20AB78-7BFA-4D03-9D35-C94C6922DF70}.Ad-Hoc|iPhoneSimulator.ActiveCfg = Debug|Any CPU
		{FC20AB78-7BFA-4D03-9D35-C94C6922DF70}.Ad-Hoc|iPhoneSimulator.Build.0 = Debug|Any CPU
		{FC20AB78-7BFA-4D03-9D35-C94C6922DF70}.Ad-Hoc|x64.ActiveCfg = Debug|Any CPU
		{FC20AB78-7BFA-4D03-9D35-C94C6922DF70}.Ad-Hoc|x64.Build.0 = Debug|Any CPU
		{FC20AB78-7BFA-4D03-9D35-C94C6922DF70}.Ad-Hoc|x86.ActiveCfg = Debug|Any CPU
		{FC20AB78-7BFA-4D03-9D35-C94C6922DF70}.Ad-Hoc|x86.Build.0 = Debug|Any CPU
		{FC20AB78-7BFA-4D03-9D35-C94C6922DF70}.AppStore|Any CPU.ActiveCfg = Debug|Any CPU
		{FC20AB78-7BFA-4D03-9D35-C94C6922DF70}.AppStore|Any CPU.Build.0 = Debug|Any CPU
		{FC20AB78-7BFA-4D03-9D35-C94C6922DF70}.AppStore|ARM.ActiveCfg = Debug|Any CPU
		{FC20AB78-7BFA-4D03-9D35-C94C6922DF70}.AppStore|ARM.Build.0 = Debug|Any CPU
		{FC20AB78-7BFA-4D03-9D35-C94C6922DF70}.AppStore|iPhone.ActiveCfg = Debug|Any CPU
		{FC20AB78-7BFA-4D03-9D35-C94C6922DF70}.AppStore|iPhone.Build.0 = Debug|Any CPU
		{FC20AB78-7BFA-4D03-9D35-C94C6922DF70}.AppStore|iPhoneSimulator.ActiveCfg = Debug|Any CPU
		{FC20AB78-7BFA-4D03-9D35-C94C6922DF70}.AppStore|iPhoneSimulator.Build.0 = Debug|Any CPU
		{FC20AB78-7BFA-4D03-9D35-C94C6922DF70}.AppStore|x64.ActiveCfg = Debug|Any CPU
		{FC20AB78-7BFA-4D03-9D35-C94C6922DF70}.AppStore|x64.Build.0 = Debug|Any CPU
		{FC20AB78-7BFA-4D03-9D35-C94C6922DF70}.AppStore|x86.ActiveCfg = Debug|Any CPU
		{FC20AB78-7BFA-4D03-9D35-C94C6922DF70}.AppStore|x86.Build.0 = Debug|Any CPU
		{FC20AB78-7BFA-4D03-9D35-C94C6922DF70}.Debug|Any CPU.ActiveCfg = Debug|Any CPU
		{FC20AB78-7BFA-4D03-9D35-C94C6922DF70}.Debug|Any CPU.Build.0 = Debug|Any CPU
		{FC20AB78-7BFA-4D03-9D35-C94C6922DF70}.Debug|ARM.ActiveCfg = Debug|Any CPU
		{FC20AB78-7BFA-4D03-9D35-C94C6922DF70}.Debug|ARM.Build.0 = Debug|Any CPU
		{FC20AB78-7BFA-4D03-9D35-C94C6922DF70}.Debug|iPhone.ActiveCfg = Debug|Any CPU
		{FC20AB78-7BFA-4D03-9D35-C94C6922DF70}.Debug|iPhone.Build.0 = Debug|Any CPU
		{FC20AB78-7BFA-4D03-9D35-C94C6922DF70}.Debug|iPhoneSimulator.ActiveCfg = Debug|Any CPU
		{FC20AB78-7BFA-4D03-9D35-C94C6922DF70}.Debug|iPhoneSimulator.Build.0 = Debug|Any CPU
		{FC20AB78-7BFA-4D03-9D35-C94C6922DF70}.Debug|x64.ActiveCfg = Debug|Any CPU
		{FC20AB78-7BFA-4D03-9D35-C94C6922DF70}.Debug|x64.Build.0 = Debug|Any CPU
		{FC20AB78-7BFA-4D03-9D35-C94C6922DF70}.Debug|x86.ActiveCfg = Debug|Any CPU
		{FC20AB78-7BFA-4D03-9D35-C94C6922DF70}.Debug|x86.Build.0 = Debug|Any CPU
		{FC20AB78-7BFA-4D03-9D35-C94C6922DF70}.Release|Any CPU.ActiveCfg = Release|Any CPU
		{FC20AB78-7BFA-4D03-9D35-C94C6922DF70}.Release|Any CPU.Build.0 = Release|Any CPU
		{FC20AB78-7BFA-4D03-9D35-C94C6922DF70}.Release|ARM.ActiveCfg = Release|Any CPU
		{FC20AB78-7BFA-4D03-9D35-C94C6922DF70}.Release|ARM.Build.0 = Release|Any CPU
		{FC20AB78-7BFA-4D03-9D35-C94C6922DF70}.Release|iPhone.ActiveCfg = Release|Any CPU
		{FC20AB78-7BFA-4D03-9D35-C94C6922DF70}.Release|iPhone.Build.0 = Release|Any CPU
		{FC20AB78-7BFA-4D03-9D35-C94C6922DF70}.Release|iPhoneSimulator.ActiveCfg = Release|Any CPU
		{FC20AB78-7BFA-4D03-9D35-C94C6922DF70}.Release|iPhoneSimulator.Build.0 = Release|Any CPU
		{FC20AB78-7BFA-4D03-9D35-C94C6922DF70}.Release|x64.ActiveCfg = Release|Any CPU
		{FC20AB78-7BFA-4D03-9D35-C94C6922DF70}.Release|x64.Build.0 = Release|Any CPU
		{FC20AB78-7BFA-4D03-9D35-C94C6922DF70}.Release|x86.ActiveCfg = Release|Any CPU
		{FC20AB78-7BFA-4D03-9D35-C94C6922DF70}.Release|x86.Build.0 = Release|Any CPU
		{F8C76A43-2A23-43F0-82D4-D35B80201A47}.Ad-Hoc|Any CPU.ActiveCfg = Release|Any CPU
		{F8C76A43-2A23-43F0-82D4-D35B80201A47}.Ad-Hoc|Any CPU.Build.0 = Release|Any CPU
		{F8C76A43-2A23-43F0-82D4-D35B80201A47}.Ad-Hoc|Any CPU.Deploy.0 = Release|Any CPU
		{F8C76A43-2A23-43F0-82D4-D35B80201A47}.Ad-Hoc|ARM.ActiveCfg = Release|Any CPU
		{F8C76A43-2A23-43F0-82D4-D35B80201A47}.Ad-Hoc|ARM.Build.0 = Release|Any CPU
		{F8C76A43-2A23-43F0-82D4-D35B80201A47}.Ad-Hoc|ARM.Deploy.0 = Release|Any CPU
		{F8C76A43-2A23-43F0-82D4-D35B80201A47}.Ad-Hoc|iPhone.ActiveCfg = Release|Any CPU
		{F8C76A43-2A23-43F0-82D4-D35B80201A47}.Ad-Hoc|iPhone.Build.0 = Release|Any CPU
		{F8C76A43-2A23-43F0-82D4-D35B80201A47}.Ad-Hoc|iPhone.Deploy.0 = Release|Any CPU
		{F8C76A43-2A23-43F0-82D4-D35B80201A47}.Ad-Hoc|iPhoneSimulator.ActiveCfg = Release|Any CPU
		{F8C76A43-2A23-43F0-82D4-D35B80201A47}.Ad-Hoc|iPhoneSimulator.Build.0 = Release|Any CPU
		{F8C76A43-2A23-43F0-82D4-D35B80201A47}.Ad-Hoc|iPhoneSimulator.Deploy.0 = Release|Any CPU
		{F8C76A43-2A23-43F0-82D4-D35B80201A47}.Ad-Hoc|x64.ActiveCfg = Release|Any CPU
		{F8C76A43-2A23-43F0-82D4-D35B80201A47}.Ad-Hoc|x64.Build.0 = Release|Any CPU
		{F8C76A43-2A23-43F0-82D4-D35B80201A47}.Ad-Hoc|x64.Deploy.0 = Release|Any CPU
		{F8C76A43-2A23-43F0-82D4-D35B80201A47}.Ad-Hoc|x86.ActiveCfg = Release|Any CPU
		{F8C76A43-2A23-43F0-82D4-D35B80201A47}.Ad-Hoc|x86.Build.0 = Release|Any CPU
		{F8C76A43-2A23-43F0-82D4-D35B80201A47}.Ad-Hoc|x86.Deploy.0 = Release|Any CPU
		{F8C76A43-2A23-43F0-82D4-D35B80201A47}.AppStore|Any CPU.ActiveCfg = Release|Any CPU
		{F8C76A43-2A23-43F0-82D4-D35B80201A47}.AppStore|Any CPU.Build.0 = Release|Any CPU
		{F8C76A43-2A23-43F0-82D4-D35B80201A47}.AppStore|Any CPU.Deploy.0 = Release|Any CPU
		{F8C76A43-2A23-43F0-82D4-D35B80201A47}.AppStore|ARM.ActiveCfg = Release|Any CPU
		{F8C76A43-2A23-43F0-82D4-D35B80201A47}.AppStore|ARM.Build.0 = Release|Any CPU
		{F8C76A43-2A23-43F0-82D4-D35B80201A47}.AppStore|ARM.Deploy.0 = Release|Any CPU
		{F8C76A43-2A23-43F0-82D4-D35B80201A47}.AppStore|iPhone.ActiveCfg = Release|Any CPU
		{F8C76A43-2A23-43F0-82D4-D35B80201A47}.AppStore|iPhone.Build.0 = Release|Any CPU
		{F8C76A43-2A23-43F0-82D4-D35B80201A47}.AppStore|iPhone.Deploy.0 = Release|Any CPU
		{F8C76A43-2A23-43F0-82D4-D35B80201A47}.AppStore|iPhoneSimulator.ActiveCfg = Release|Any CPU
		{F8C76A43-2A23-43F0-82D4-D35B80201A47}.AppStore|iPhoneSimulator.Build.0 = Release|Any CPU
		{F8C76A43-2A23-43F0-82D4-D35B80201A47}.AppStore|iPhoneSimulator.Deploy.0 = Release|Any CPU
		{F8C76A43-2A23-43F0-82D4-D35B80201A47}.AppStore|x64.ActiveCfg = Release|Any CPU
		{F8C76A43-2A23-43F0-82D4-D35B80201A47}.AppStore|x64.Build.0 = Release|Any CPU
		{F8C76A43-2A23-43F0-82D4-D35B80201A47}.AppStore|x64.Deploy.0 = Release|Any CPU
		{F8C76A43-2A23-43F0-82D4-D35B80201A47}.AppStore|x86.ActiveCfg = Release|Any CPU
		{F8C76A43-2A23-43F0-82D4-D35B80201A47}.AppStore|x86.Build.0 = Release|Any CPU
		{F8C76A43-2A23-43F0-82D4-D35B80201A47}.AppStore|x86.Deploy.0 = Release|Any CPU
		{F8C76A43-2A23-43F0-82D4-D35B80201A47}.Debug|Any CPU.ActiveCfg = Debug|Any CPU
		{F8C76A43-2A23-43F0-82D4-D35B80201A47}.Debug|Any CPU.Build.0 = Debug|Any CPU
		{F8C76A43-2A23-43F0-82D4-D35B80201A47}.Debug|Any CPU.Deploy.0 = Debug|Any CPU
		{F8C76A43-2A23-43F0-82D4-D35B80201A47}.Debug|ARM.ActiveCfg = Debug|Any CPU
		{F8C76A43-2A23-43F0-82D4-D35B80201A47}.Debug|ARM.Build.0 = Debug|Any CPU
		{F8C76A43-2A23-43F0-82D4-D35B80201A47}.Debug|ARM.Deploy.0 = Debug|Any CPU
		{F8C76A43-2A23-43F0-82D4-D35B80201A47}.Debug|iPhone.ActiveCfg = Debug|Any CPU
		{F8C76A43-2A23-43F0-82D4-D35B80201A47}.Debug|iPhone.Build.0 = Debug|Any CPU
		{F8C76A43-2A23-43F0-82D4-D35B80201A47}.Debug|iPhone.Deploy.0 = Debug|Any CPU
		{F8C76A43-2A23-43F0-82D4-D35B80201A47}.Debug|iPhoneSimulator.ActiveCfg = Debug|Any CPU
		{F8C76A43-2A23-43F0-82D4-D35B80201A47}.Debug|iPhoneSimulator.Build.0 = Debug|Any CPU
		{F8C76A43-2A23-43F0-82D4-D35B80201A47}.Debug|iPhoneSimulator.Deploy.0 = Debug|Any CPU
		{F8C76A43-2A23-43F0-82D4-D35B80201A47}.Debug|x64.ActiveCfg = Debug|Any CPU
		{F8C76A43-2A23-43F0-82D4-D35B80201A47}.Debug|x64.Build.0 = Debug|Any CPU
		{F8C76A43-2A23-43F0-82D4-D35B80201A47}.Debug|x64.Deploy.0 = Debug|Any CPU
		{F8C76A43-2A23-43F0-82D4-D35B80201A47}.Debug|x86.ActiveCfg = Debug|Any CPU
		{F8C76A43-2A23-43F0-82D4-D35B80201A47}.Debug|x86.Build.0 = Debug|Any CPU
		{F8C76A43-2A23-43F0-82D4-D35B80201A47}.Debug|x86.Deploy.0 = Debug|Any CPU
		{F8C76A43-2A23-43F0-82D4-D35B80201A47}.Release|Any CPU.ActiveCfg = Release|Any CPU
		{F8C76A43-2A23-43F0-82D4-D35B80201A47}.Release|Any CPU.Build.0 = Release|Any CPU
		{F8C76A43-2A23-43F0-82D4-D35B80201A47}.Release|Any CPU.Deploy.0 = Release|Any CPU
		{F8C76A43-2A23-43F0-82D4-D35B80201A47}.Release|ARM.ActiveCfg = Release|Any CPU
		{F8C76A43-2A23-43F0-82D4-D35B80201A47}.Release|ARM.Build.0 = Release|Any CPU
		{F8C76A43-2A23-43F0-82D4-D35B80201A47}.Release|ARM.Deploy.0 = Release|Any CPU
		{F8C76A43-2A23-43F0-82D4-D35B80201A47}.Release|iPhone.ActiveCfg = Release|Any CPU
		{F8C76A43-2A23-43F0-82D4-D35B80201A47}.Release|iPhone.Build.0 = Release|Any CPU
		{F8C76A43-2A23-43F0-82D4-D35B80201A47}.Release|iPhone.Deploy.0 = Release|Any CPU
		{F8C76A43-2A23-43F0-82D4-D35B80201A47}.Release|iPhoneSimulator.ActiveCfg = Release|Any CPU
		{F8C76A43-2A23-43F0-82D4-D35B80201A47}.Release|iPhoneSimulator.Build.0 = Release|Any CPU
		{F8C76A43-2A23-43F0-82D4-D35B80201A47}.Release|iPhoneSimulator.Deploy.0 = Release|Any CPU
		{F8C76A43-2A23-43F0-82D4-D35B80201A47}.Release|x64.ActiveCfg = Release|Any CPU
		{F8C76A43-2A23-43F0-82D4-D35B80201A47}.Release|x64.Build.0 = Release|Any CPU
		{F8C76A43-2A23-43F0-82D4-D35B80201A47}.Release|x64.Deploy.0 = Release|Any CPU
		{F8C76A43-2A23-43F0-82D4-D35B80201A47}.Release|x86.ActiveCfg = Release|Any CPU
		{F8C76A43-2A23-43F0-82D4-D35B80201A47}.Release|x86.Build.0 = Release|Any CPU
		{F8C76A43-2A23-43F0-82D4-D35B80201A47}.Release|x86.Deploy.0 = Release|Any CPU
		{7C3D4873-4552-4852-B98F-1218CFA08C12}.Ad-Hoc|Any CPU.ActiveCfg = Ad-Hoc|iPhone
		{7C3D4873-4552-4852-B98F-1218CFA08C12}.Ad-Hoc|ARM.ActiveCfg = Ad-Hoc|iPhone
		{7C3D4873-4552-4852-B98F-1218CFA08C12}.Ad-Hoc|iPhone.ActiveCfg = Ad-Hoc|iPhone
		{7C3D4873-4552-4852-B98F-1218CFA08C12}.Ad-Hoc|iPhone.Build.0 = Ad-Hoc|iPhone
		{7C3D4873-4552-4852-B98F-1218CFA08C12}.Ad-Hoc|iPhoneSimulator.ActiveCfg = Ad-Hoc|iPhoneSimulator
		{7C3D4873-4552-4852-B98F-1218CFA08C12}.Ad-Hoc|iPhoneSimulator.Build.0 = Ad-Hoc|iPhoneSimulator
		{7C3D4873-4552-4852-B98F-1218CFA08C12}.Ad-Hoc|x64.ActiveCfg = Ad-Hoc|iPhone
		{7C3D4873-4552-4852-B98F-1218CFA08C12}.Ad-Hoc|x86.ActiveCfg = Ad-Hoc|iPhone
		{7C3D4873-4552-4852-B98F-1218CFA08C12}.AppStore|Any CPU.ActiveCfg = AppStore|iPhone
		{7C3D4873-4552-4852-B98F-1218CFA08C12}.AppStore|ARM.ActiveCfg = AppStore|iPhone
		{7C3D4873-4552-4852-B98F-1218CFA08C12}.AppStore|iPhone.ActiveCfg = AppStore|iPhone
		{7C3D4873-4552-4852-B98F-1218CFA08C12}.AppStore|iPhone.Build.0 = AppStore|iPhone
		{7C3D4873-4552-4852-B98F-1218CFA08C12}.AppStore|iPhoneSimulator.ActiveCfg = AppStore|iPhoneSimulator
		{7C3D4873-4552-4852-B98F-1218CFA08C12}.AppStore|iPhoneSimulator.Build.0 = AppStore|iPhoneSimulator
		{7C3D4873-4552-4852-B98F-1218CFA08C12}.AppStore|x64.ActiveCfg = AppStore|iPhone
		{7C3D4873-4552-4852-B98F-1218CFA08C12}.AppStore|x86.ActiveCfg = AppStore|iPhone
		{7C3D4873-4552-4852-B98F-1218CFA08C12}.Debug|Any CPU.ActiveCfg = Debug|iPhone
		{7C3D4873-4552-4852-B98F-1218CFA08C12}.Debug|ARM.ActiveCfg = Debug|iPhone
		{7C3D4873-4552-4852-B98F-1218CFA08C12}.Debug|iPhone.ActiveCfg = Debug|iPhone
		{7C3D4873-4552-4852-B98F-1218CFA08C12}.Debug|iPhone.Build.0 = Debug|iPhone
		{7C3D4873-4552-4852-B98F-1218CFA08C12}.Debug|iPhoneSimulator.ActiveCfg = Debug|iPhoneSimulator
		{7C3D4873-4552-4852-B98F-1218CFA08C12}.Debug|iPhoneSimulator.Build.0 = Debug|iPhoneSimulator
		{7C3D4873-4552-4852-B98F-1218CFA08C12}.Debug|x64.ActiveCfg = Debug|iPhone
		{7C3D4873-4552-4852-B98F-1218CFA08C12}.Debug|x86.ActiveCfg = Debug|iPhone
		{7C3D4873-4552-4852-B98F-1218CFA08C12}.Release|Any CPU.ActiveCfg = Release|iPhone
		{7C3D4873-4552-4852-B98F-1218CFA08C12}.Release|ARM.ActiveCfg = Release|iPhone
		{7C3D4873-4552-4852-B98F-1218CFA08C12}.Release|iPhone.ActiveCfg = Release|iPhone
		{7C3D4873-4552-4852-B98F-1218CFA08C12}.Release|iPhone.Build.0 = Release|iPhone
		{7C3D4873-4552-4852-B98F-1218CFA08C12}.Release|iPhoneSimulator.ActiveCfg = Release|iPhoneSimulator
		{7C3D4873-4552-4852-B98F-1218CFA08C12}.Release|iPhoneSimulator.Build.0 = Release|iPhoneSimulator
		{7C3D4873-4552-4852-B98F-1218CFA08C12}.Release|x64.ActiveCfg = Release|iPhone
		{7C3D4873-4552-4852-B98F-1218CFA08C12}.Release|x86.ActiveCfg = Release|iPhone
		{CBD3C7B0-214D-4EBB-8628-A69914FF8144}.Ad-Hoc|Any CPU.ActiveCfg = Release|x86
		{CBD3C7B0-214D-4EBB-8628-A69914FF8144}.Ad-Hoc|Any CPU.Build.0 = Release|x86
		{CBD3C7B0-214D-4EBB-8628-A69914FF8144}.Ad-Hoc|Any CPU.Deploy.0 = Release|x86
		{CBD3C7B0-214D-4EBB-8628-A69914FF8144}.Ad-Hoc|ARM.ActiveCfg = Release|ARM
		{CBD3C7B0-214D-4EBB-8628-A69914FF8144}.Ad-Hoc|ARM.Build.0 = Release|ARM
		{CBD3C7B0-214D-4EBB-8628-A69914FF8144}.Ad-Hoc|ARM.Deploy.0 = Release|ARM
		{CBD3C7B0-214D-4EBB-8628-A69914FF8144}.Ad-Hoc|iPhone.ActiveCfg = Release|x86
		{CBD3C7B0-214D-4EBB-8628-A69914FF8144}.Ad-Hoc|iPhone.Build.0 = Release|x86
		{CBD3C7B0-214D-4EBB-8628-A69914FF8144}.Ad-Hoc|iPhone.Deploy.0 = Release|x86
		{CBD3C7B0-214D-4EBB-8628-A69914FF8144}.Ad-Hoc|iPhoneSimulator.ActiveCfg = Release|x86
		{CBD3C7B0-214D-4EBB-8628-A69914FF8144}.Ad-Hoc|iPhoneSimulator.Build.0 = Release|x86
		{CBD3C7B0-214D-4EBB-8628-A69914FF8144}.Ad-Hoc|iPhoneSimulator.Deploy.0 = Release|x86
		{CBD3C7B0-214D-4EBB-8628-A69914FF8144}.Ad-Hoc|x64.ActiveCfg = Release|x64
		{CBD3C7B0-214D-4EBB-8628-A69914FF8144}.Ad-Hoc|x64.Build.0 = Release|x64
		{CBD3C7B0-214D-4EBB-8628-A69914FF8144}.Ad-Hoc|x64.Deploy.0 = Release|x64
		{CBD3C7B0-214D-4EBB-8628-A69914FF8144}.Ad-Hoc|x86.ActiveCfg = Release|x86
		{CBD3C7B0-214D-4EBB-8628-A69914FF8144}.Ad-Hoc|x86.Build.0 = Release|x86
		{CBD3C7B0-214D-4EBB-8628-A69914FF8144}.Ad-Hoc|x86.Deploy.0 = Release|x86
		{CBD3C7B0-214D-4EBB-8628-A69914FF8144}.AppStore|Any CPU.ActiveCfg = Release|x86
		{CBD3C7B0-214D-4EBB-8628-A69914FF8144}.AppStore|Any CPU.Build.0 = Release|x86
		{CBD3C7B0-214D-4EBB-8628-A69914FF8144}.AppStore|Any CPU.Deploy.0 = Release|x86
		{CBD3C7B0-214D-4EBB-8628-A69914FF8144}.AppStore|ARM.ActiveCfg = Release|ARM
		{CBD3C7B0-214D-4EBB-8628-A69914FF8144}.AppStore|ARM.Build.0 = Release|ARM
		{CBD3C7B0-214D-4EBB-8628-A69914FF8144}.AppStore|ARM.Deploy.0 = Release|ARM
		{CBD3C7B0-214D-4EBB-8628-A69914FF8144}.AppStore|iPhone.ActiveCfg = Release|x86
		{CBD3C7B0-214D-4EBB-8628-A69914FF8144}.AppStore|iPhone.Build.0 = Release|x86
		{CBD3C7B0-214D-4EBB-8628-A69914FF8144}.AppStore|iPhone.Deploy.0 = Release|x86
		{CBD3C7B0-214D-4EBB-8628-A69914FF8144}.AppStore|iPhoneSimulator.ActiveCfg = Release|x86
		{CBD3C7B0-214D-4EBB-8628-A69914FF8144}.AppStore|iPhoneSimulator.Build.0 = Release|x86
		{CBD3C7B0-214D-4EBB-8628-A69914FF8144}.AppStore|iPhoneSimulator.Deploy.0 = Release|x86
		{CBD3C7B0-214D-4EBB-8628-A69914FF8144}.AppStore|x64.ActiveCfg = Release|x64
		{CBD3C7B0-214D-4EBB-8628-A69914FF8144}.AppStore|x64.Build.0 = Release|x64
		{CBD3C7B0-214D-4EBB-8628-A69914FF8144}.AppStore|x64.Deploy.0 = Release|x64
		{CBD3C7B0-214D-4EBB-8628-A69914FF8144}.AppStore|x86.ActiveCfg = Release|x86
		{CBD3C7B0-214D-4EBB-8628-A69914FF8144}.AppStore|x86.Build.0 = Release|x86
		{CBD3C7B0-214D-4EBB-8628-A69914FF8144}.AppStore|x86.Deploy.0 = Release|x86
		{CBD3C7B0-214D-4EBB-8628-A69914FF8144}.Debug|Any CPU.ActiveCfg = Debug|x86
		{CBD3C7B0-214D-4EBB-8628-A69914FF8144}.Debug|ARM.ActiveCfg = Debug|ARM
		{CBD3C7B0-214D-4EBB-8628-A69914FF8144}.Debug|ARM.Build.0 = Debug|ARM
		{CBD3C7B0-214D-4EBB-8628-A69914FF8144}.Debug|ARM.Deploy.0 = Debug|ARM
		{CBD3C7B0-214D-4EBB-8628-A69914FF8144}.Debug|iPhone.ActiveCfg = Debug|x86
		{CBD3C7B0-214D-4EBB-8628-A69914FF8144}.Debug|iPhoneSimulator.ActiveCfg = Debug|x86
		{CBD3C7B0-214D-4EBB-8628-A69914FF8144}.Debug|x64.ActiveCfg = Debug|x64
		{CBD3C7B0-214D-4EBB-8628-A69914FF8144}.Debug|x64.Build.0 = Debug|x64
		{CBD3C7B0-214D-4EBB-8628-A69914FF8144}.Debug|x64.Deploy.0 = Debug|x64
		{CBD3C7B0-214D-4EBB-8628-A69914FF8144}.Debug|x86.ActiveCfg = Debug|x86
		{CBD3C7B0-214D-4EBB-8628-A69914FF8144}.Debug|x86.Build.0 = Debug|x86
		{CBD3C7B0-214D-4EBB-8628-A69914FF8144}.Debug|x86.Deploy.0 = Debug|x86
		{CBD3C7B0-214D-4EBB-8628-A69914FF8144}.Release|Any CPU.ActiveCfg = Release|x86
		{CBD3C7B0-214D-4EBB-8628-A69914FF8144}.Release|ARM.ActiveCfg = Release|ARM
		{CBD3C7B0-214D-4EBB-8628-A69914FF8144}.Release|ARM.Build.0 = Release|ARM
		{CBD3C7B0-214D-4EBB-8628-A69914FF8144}.Release|ARM.Deploy.0 = Release|ARM
		{CBD3C7B0-214D-4EBB-8628-A69914FF8144}.Release|iPhone.ActiveCfg = Release|x86
		{CBD3C7B0-214D-4EBB-8628-A69914FF8144}.Release|iPhoneSimulator.ActiveCfg = Release|x86
		{CBD3C7B0-214D-4EBB-8628-A69914FF8144}.Release|x64.ActiveCfg = Release|x64
		{CBD3C7B0-214D-4EBB-8628-A69914FF8144}.Release|x64.Build.0 = Release|x64
		{CBD3C7B0-214D-4EBB-8628-A69914FF8144}.Release|x64.Deploy.0 = Release|x64
		{CBD3C7B0-214D-4EBB-8628-A69914FF8144}.Release|x86.ActiveCfg = Release|x86
		{CBD3C7B0-214D-4EBB-8628-A69914FF8144}.Release|x86.Build.0 = Release|x86
		{CBD3C7B0-214D-4EBB-8628-A69914FF8144}.Release|x86.Deploy.0 = Release|x86
	EndGlobalSection
	GlobalSection(SolutionProperties) = preSolution
		HideSolutionNode = FALSE
	EndGlobalSection
	GlobalSection(ExtensibilityGlobals) = postSolution
		SolutionGuid = {2DE2F8A6-1998-493A-AA2F-654378F2F73A}
	EndGlobalSection
EndGlobal
